
Microsoft Visual Studio Solution File, Format Version 12.00
# Visual Studio Version 16
VisualStudioVersion = 16.0.31313.79
MinimumVisualStudioVersion = 10.0.40219.1
Project("{FAE04EC0-301F-11D3-BF4B-00C04F79EFBC}") = "API", "API\API.csproj", "{367FCCDF-71AF-41A8-807F-EF1AC9986160}"
EndProject
Project("{FAE04EC0-301F-11D3-BF4B-00C04F79EFBC}") = "Application", "Application\Application.csproj", "{92423657-EE53-44A9-B92C-7DD18BDEFE77}"
EndProject
Project("{FAE04EC0-301F-11D3-BF4B-00C04F79EFBC}") = "Database", "Database\Database.csproj", "{1864F617-4CBB-4B03-B907-C02A2C440CC2}"
EndProject
Project("{FAE04EC0-301F-11D3-BF4B-00C04F79EFBC}") = "Domain", "Domain\Domain.csproj", "{D78262DE-5533-4614-9B85-F48445C4E825}"
EndProject
Global
	GlobalSection(SolutionConfigurationPlatforms) = preSolution
		Debug|Any CPU = Debug|Any CPU
		Release|Any CPU = Release|Any CPU
	EndGlobalSection
	GlobalSection(ProjectConfigurationPlatforms) = postSolution
		{367FCCDF-71AF-41A8-807F-EF1AC9986160}.Debug|Any CPU.ActiveCfg = Debug|Any CPU
		{367FCCDF-71AF-41A8-807F-EF1AC9986160}.Debug|Any CPU.Build.0 = Debug|Any CPU
		{367FCCDF-71AF-41A8-807F-EF1AC9986160}.Release|Any CPU.ActiveCfg = Release|Any CPU
		{367FCCDF-71AF-41A8-807F-EF1AC9986160}.Release|Any CPU.Build.0 = Release|Any CPU
		{92423657-EE53-44A9-B92C-7DD18BDEFE77}.Debug|Any CPU.ActiveCfg = Debug|Any CPU
		{92423657-EE53-44A9-B92C-7DD18BDEFE77}.Debug|Any CPU.Build.0 = Debug|Any CPU
		{92423657-EE53-44A9-B92C-7DD18BDEFE77}.Release|Any CPU.ActiveCfg = Release|Any CPU
		{92423657-EE53-44A9-B92C-7DD18BDEFE77}.Release|Any CPU.Build.0 = Release|Any CPU
		{1864F617-4CBB-4B03-B907-C02A2C440CC2}.Debug|Any CPU.ActiveCfg = Debug|Any CPU
		{1864F617-4CBB-4B03-B907-C02A2C440CC2}.Debug|Any CPU.Build.0 = Debug|Any CPU
		{1864F617-4CBB-4B03-B907-C02A2C440CC2}.Release|Any CPU.ActiveCfg = Release|Any CPU
		{1864F617-4CBB-4B03-B907-C02A2C440CC2}.Release|Any CPU.Build.0 = Release|Any CPU
		{D78262DE-5533-4614-9B85-F48445C4E825}.Debug|Any CPU.ActiveCfg = Debug|Any CPU
		{D78262DE-5533-4614-9B85-F48445C4E825}.Debug|Any CPU.Build.0 = Debug|Any CPU
		{D78262DE-5533-4614-9B85-F48445C4E825}.Release|Any CPU.ActiveCfg = Release|Any CPU
		{D78262DE-5533-4614-9B85-F48445C4E825}.Release|Any CPU.Build.0 = Release|Any CPU
	EndGlobalSection
	GlobalSection(SolutionProperties) = preSolution
		HideSolutionNode = FALSE
	EndGlobalSection
	GlobalSection(ExtensibilityGlobals) = postSolution
		SolutionGuid = {E2BEB5EE-536D-4CC8-BF45-EE5A1C6C8E81}
	EndGlobalSection
EndGlobal
